// !$*UTF8*$!
{
	archiveVersion = 1;
	classes = {
	};
	objectVersion = 46;
	objects = {

/* Begin PBXBuildFile section */
		8FB4E5781B19A0080013DAB4 /* AppDelegate.swift in Sources */ = {isa = PBXBuildFile; fileRef = 8FB4E5771B19A0080013DAB4 /* AppDelegate.swift */; };
		8FB4E57A1B19A0080013DAB4 /* RecordSoundsViewController.swift in Sources */ = {isa = PBXBuildFile; fileRef = 8FB4E5791B19A0080013DAB4 /* RecordSoundsViewController.swift */; };
		8FB4E57D1B19A0080013DAB4 /* Main.storyboard in Resources */ = {isa = PBXBuildFile; fileRef = 8FB4E57B1B19A0080013DAB4 /* Main.storyboard */; };
		8FB4E57F1B19A0080013DAB4 /* Images.xcassets in Resources */ = {isa = PBXBuildFile; fileRef = 8FB4E57E1B19A0080013DAB4 /* Images.xcassets */; };
		8FB4E5821B19A0080013DAB4 /* LaunchScreen.xib in Resources */ = {isa = PBXBuildFile; fileRef = 8FB4E5801B19A0080013DAB4 /* LaunchScreen.xib */; };
		8FB4E58E1B19A0080013DAB4 /* Pitch_PerfectTests.swift in Sources */ = {isa = PBXBuildFile; fileRef = 8FB4E58D1B19A0080013DAB4 /* Pitch_PerfectTests.swift */; };
		8FB4E59A1B1B2D730013DAB4 /* PlaySoundsViewController.swift in Sources */ = {isa = PBXBuildFile; fileRef = 8FB4E5991B1B2D730013DAB4 /* PlaySoundsViewController.swift */; };
		8FB4E5A01B1B3A5D0013DAB4 /* movie_quote.mp3 in Resources */ = {isa = PBXBuildFile; fileRef = 8FB4E59F1B1B3A5D0013DAB4 /* movie_quote.mp3 */; };
		8FC8805D1B1C330400D203F4 /* RecordedAudio.swift in Sources */ = {isa = PBXBuildFile; fileRef = 8FC8805C1B1C330400D203F4 /* RecordedAudio.swift */; };
/* End PBXBuildFile section */

/* Begin PBXContainerItemProxy section */
		8FB4E5881B19A0080013DAB4 /* PBXContainerItemProxy */ = {
			isa = PBXContainerItemProxy;
			containerPortal = 8FB4E56A1B19A0080013DAB4 /* Project object */;
			proxyType = 1;
			remoteGlobalIDString = 8FB4E5711B19A0080013DAB4;
			remoteInfo = "Pitch Perfect";
		};
/* End PBXContainerItemProxy section */

/* Begin PBXFileReference section */
		8FB4E5721B19A0080013DAB4 /* Pitch Perfect.app */ = {isa = PBXFileReference; explicitFileType = wrapper.application; includeInIndex = 0; path = "Pitch Perfect.app"; sourceTree = BUILT_PRODUCTS_DIR; };
		8FB4E5761B19A0080013DAB4 /* Info.plist */ = {isa = PBXFileReference; lastKnownFileType = text.plist.xml; path = Info.plist; sourceTree = "<group>"; };
		8FB4E5771B19A0080013DAB4 /* AppDelegate.swift */ = {isa = PBXFileReference; lastKnownFileType = sourcecode.swift; path = AppDelegate.swift; sourceTree = "<group>"; };
		8FB4E5791B19A0080013DAB4 /* RecordSoundsViewController.swift */ = {isa = PBXFileReference; lastKnownFileType = sourcecode.swift; path = RecordSoundsViewController.swift; sourceTree = "<group>"; };
		8FB4E57C1B19A0080013DAB4 /* Base */ = {isa = PBXFileReference; lastKnownFileType = file.storyboard; name = Base; path = Base.lproj/Main.storyboard; sourceTree = "<group>"; };
		8FB4E57E1B19A0080013DAB4 /* Images.xcassets */ = {isa = PBXFileReference; lastKnownFileType = folder.assetcatalog; path = Images.xcassets; sourceTree = "<group>"; };
		8FB4E5811B19A0080013DAB4 /* Base */ = {isa = PBXFileReference; lastKnownFileType = file.xib; name = Base; path = Base.lproj/LaunchScreen.xib; sourceTree = "<group>"; };
		8FB4E5871B19A0080013DAB4 /* Pitch PerfectTests.xctest */ = {isa = PBXFileReference; explicitFileType = wrapper.cfbundle; includeInIndex = 0; path = "Pitch PerfectTests.xctest"; sourceTree = BUILT_PRODUCTS_DIR; };
		8FB4E58C1B19A0080013DAB4 /* Info.plist */ = {isa = PBXFileReference; lastKnownFileType = text.plist.xml; path = Info.plist; sourceTree = "<group>"; };
		8FB4E58D1B19A0080013DAB4 /* Pitch_PerfectTests.swift */ = {isa = PBXFileReference; lastKnownFileType = sourcecode.swift; path = Pitch_PerfectTests.swift; sourceTree = "<group>"; };
		8FB4E5991B1B2D730013DAB4 /* PlaySoundsViewController.swift */ = {isa = PBXFileReference; fileEncoding = 4; lastKnownFileType = sourcecode.swift; name = PlaySoundsViewController.swift; path = ../PlaySoundsViewController.swift; sourceTree = "<group>"; };
		8FB4E59F1B1B3A5D0013DAB4 /* movie_quote.mp3 */ = {isa = PBXFileReference; lastKnownFileType = audio.mp3; name = movie_quote.mp3; path = ../movie_quote.mp3; sourceTree = "<group>"; };
		8FC8805C1B1C330400D203F4 /* RecordedAudio.swift */ = {isa = PBXFileReference; fileEncoding = 4; lastKnownFileType = sourcecode.swift; name = RecordedAudio.swift; path = ../RecordedAudio.swift; sourceTree = "<group>"; };
/* End PBXFileReference section */

/* Begin PBXFrameworksBuildPhase section */
		8FB4E56F1B19A0080013DAB4 /* Frameworks */ = {
			isa = PBXFrameworksBuildPhase;
			buildActionMask = 2147483647;
			files = (
			);
			runOnlyForDeploymentPostprocessing = 0;
		};
		8FB4E5841B19A0080013DAB4 /* Frameworks */ = {
			isa = PBXFrameworksBuildPhase;
			buildActionMask = 2147483647;
			files = (
			);
			runOnlyForDeploymentPostprocessing = 0;
		};
/* End PBXFrameworksBuildPhase section */

/* Begin PBXGroup section */
		8FB4E5691B19A0080013DAB4 = {
			isa = PBXGroup;
			children = (
				8FB4E5741B19A0080013DAB4 /* Pitch Perfect */,
				8FB4E58A1B19A0080013DAB4 /* Pitch PerfectTests */,
				8FB4E5731B19A0080013DAB4 /* Products */,
			);
			sourceTree = "<group>";
		};
		8FB4E5731B19A0080013DAB4 /* Products */ = {
			isa = PBXGroup;
			children = (
				8FB4E5721B19A0080013DAB4 /* Pitch Perfect.app */,
				8FB4E5871B19A0080013DAB4 /* Pitch PerfectTests.xctest */,
			);
			name = Products;
			sourceTree = "<group>";
		};
		8FB4E5741B19A0080013DAB4 /* Pitch Perfect */ = {
			isa = PBXGroup;
			children = (
				8FC8805C1B1C330400D203F4 /* RecordedAudio.swift */,
				8FB4E5991B1B2D730013DAB4 /* PlaySoundsViewController.swift */,
				8FB4E5771B19A0080013DAB4 /* AppDelegate.swift */,
				8FB4E5791B19A0080013DAB4 /* RecordSoundsViewController.swift */,
				8FB4E57B1B19A0080013DAB4 /* Main.storyboard */,
				8FB4E57E1B19A0080013DAB4 /* Images.xcassets */,
				8FB4E5801B19A0080013DAB4 /* LaunchScreen.xib */,
				8FB4E5751B19A0080013DAB4 /* Supporting Files */,
			);
			path = "Pitch Perfect";
			sourceTree = "<group>";
		};
		8FB4E5751B19A0080013DAB4 /* Supporting Files */ = {
			isa = PBXGroup;
			children = (
				8FB4E59F1B1B3A5D0013DAB4 /* movie_quote.mp3 */,
				8FB4E5761B19A0080013DAB4 /* Info.plist */,
			);
			name = "Supporting Files";
			sourceTree = "<group>";
		};
		8FB4E58A1B19A0080013DAB4 /* Pitch PerfectTests */ = {
			isa = PBXGroup;
			children = (
				8FB4E58D1B19A0080013DAB4 /* Pitch_PerfectTests.swift */,
				8FB4E58B1B19A0080013DAB4 /* Supporting Files */,
			);
			path = "Pitch PerfectTests";
			sourceTree = "<group>";
		};
		8FB4E58B1B19A0080013DAB4 /* Supporting Files */ = {
			isa = PBXGroup;
			children = (
				8FB4E58C1B19A0080013DAB4 /* Info.plist */,
			);
			name = "Supporting Files";
			sourceTree = "<group>";
		};
/* End PBXGroup section */

/* Begin PBXNativeTarget section */
		8FB4E5711B19A0080013DAB4 /* Pitch Perfect */ = {
			isa = PBXNativeTarget;
			buildConfigurationList = 8FB4E5911B19A0080013DAB4 /* Build configuration list for PBXNativeTarget "Pitch Perfect" */;
			buildPhases = (
				8FB4E56E1B19A0080013DAB4 /* Sources */,
				8FB4E56F1B19A0080013DAB4 /* Frameworks */,
				8FB4E5701B19A0080013DAB4 /* Resources */,
			);
			buildRules = (
			);
			dependencies = (
			);
			name = "Pitch Perfect";
			productName = "Pitch Perfect";
			productReference = 8FB4E5721B19A0080013DAB4 /* Pitch Perfect.app */;
			productType = "com.apple.product-type.application";
		};
		8FB4E5861B19A0080013DAB4 /* Pitch PerfectTests */ = {
			isa = PBXNativeTarget;
			buildConfigurationList = 8FB4E5941B19A0080013DAB4 /* Build configuration list for PBXNativeTarget "Pitch PerfectTests" */;
			buildPhases = (
				8FB4E5831B19A0080013DAB4 /* Sources */,
				8FB4E5841B19A0080013DAB4 /* Frameworks */,
				8FB4E5851B19A0080013DAB4 /* Resources */,
			);
			buildRules = (
			);
			dependencies = (
				8FB4E5891B19A0080013DAB4 /* PBXTargetDependency */,
			);
			name = "Pitch PerfectTests";
			productName = "Pitch PerfectTests";
			productReference = 8FB4E5871B19A0080013DAB4 /* Pitch PerfectTests.xctest */;
			productType = "com.apple.product-type.bundle.unit-test";
		};
/* End PBXNativeTarget section */

/* Begin PBXProject section */
		8FB4E56A1B19A0080013DAB4 /* Project object */ = {
			isa = PBXProject;
			attributes = {
				LastUpgradeCheck = 0630;
				ORGANIZATIONNAME = "Abdelaziz Elrashed";
				TargetAttributes = {
					8FB4E5711B19A0080013DAB4 = {
						CreatedOnToolsVersion = 6.3.2;
					};
					8FB4E5861B19A0080013DAB4 = {
						CreatedOnToolsVersion = 6.3.2;
						TestTargetID = 8FB4E5711B19A0080013DAB4;
					};
				};
			};
			buildConfigurationList = 8FB4E56D1B19A0080013DAB4 /* Build configuration list for PBXProject "Pitch Perfect" */;
			compatibilityVersion = "Xcode 3.2";
			developmentRegion = English;
			hasScannedForEncodings = 0;
			knownRegions = (
				en,
				Base,
			);
			mainGroup = 8FB4E5691B19A0080013DAB4;
			productRefGroup = 8FB4E5731B19A0080013DAB4 /* Products */;
			projectDirPath = "";
			projectRoot = "";
			targets = (
				8FB4E5711B19A0080013DAB4 /* Pitch Perfect */,
				8FB4E5861B19A0080013DAB4 /* Pitch PerfectTests */,
			);
		};
/* End PBXProject section */

/* Begin PBXResourcesBuildPhase section */
		8FB4E5701B19A0080013DAB4 /* Resources */ = {
			isa = PBXResourcesBuildPhase;
			buildActionMask = 2147483647;
			files = (
				8FB4E57D1B19A0080013DAB4 /* Main.storyboard in Resources */,
				8FB4E5821B19A0080013DAB4 /* LaunchScreen.xib in Resources */,
				8FB4E5A01B1B3A5D0013DAB4 /* movie_quote.mp3 in Resources */,
				8FB4E57F1B19A0080013DAB4 /* Images.xcassets in Resources */,
			);
			runOnlyForDeploymentPostprocessing = 0;
		};
		8FB4E5851B19A0080013DAB4 /* Resources */ = {
			isa = PBXResourcesBuildPhase;
			buildActionMask = 2147483647;
			files = (
			);
			runOnlyForDeploymentPostprocessing = 0;
		};
/* End PBXResourcesBuildPhase section */

/* Begin PBXSourcesBuildPhase section */
		8FB4E56E1B19A0080013DAB4 /* Sources */ = {
			isa = PBXSourcesBuildPhase;
			buildActionMask = 2147483647;
			files = (
				8FC8805D1B1C330400D203F4 /* RecordedAudio.swift in Sources */,
				8FB4E57A1B19A0080013DAB4 /* RecordSoundsViewController.swift in Sources */,
				8FB4E59A1B1B2D730013DAB4 /* PlaySoundsViewController.swift in Sources */,
				8FB4E5781B19A0080013DAB4 /* AppDelegate.swift in Sources */,
			);
			runOnlyForDeploymentPostprocessing = 0;
		};
		8FB4E5831B19A0080013DAB4 /* Sources */ = {
			isa = PBXSourcesBuildPhase;
			buildActionMask = 2147483647;
			files = (
				8FB4E58E1B19A0080013DAB4 /* Pitch_PerfectTests.swift in Sources */,
			);
			runOnlyForDeploymentPostprocessing = 0;
		};
/* End PBXSourcesBuildPhase section */

/* Begin PBXTargetDependency section */
		8FB4E5891B19A0080013DAB4 /* PBXTargetDependency */ = {
			isa = PBXTargetDependency;
			target = 8FB4E5711B19A0080013DAB4 /* Pitch Perfect */;
			targetProxy = 8FB4E5881B19A0080013DAB4 /* PBXContainerItemProxy */;
		};
/* End PBXTargetDependency section */

/* Begin PBXVariantGroup section */
		8FB4E57B1B19A0080013DAB4 /* Main.storyboard */ = {
			isa = PBXVariantGroup;
			children = (
				8FB4E57C1B19A0080013DAB4 /* Base */,
			);
			name = Main.storyboard;
			sourceTree = "<group>";
		};
		8FB4E5801B19A0080013DAB4 /* LaunchScreen.xib */ = {
			isa = PBXVariantGroup;
			children = (
				8FB4E5811B19A0080013DAB4 /* Base */,
			);
			name = LaunchScreen.xib;
			sourceTree = "<group>";
		};
/* End PBXVariantGroup section */

/* Begin XCBuildConfiguration section */
		8FB4E58F1B19A0080013DAB4 /* Debug */ = {
			isa = XCBuildConfiguration;
			buildSettings = {
				ALWAYS_SEARCH_USER_PATHS = NO;
				CLANG_CXX_LANGUAGE_STANDARD = "gnu++0x";
				CLANG_CXX_LIBRARY = "libc++";
				CLANG_ENABLE_MODULES = YES;
				CLANG_ENABLE_OBJC_ARC = YES;
				CLANG_WARN_BOOL_CONVERSION = YES;
				CLANG_WARN_CONSTANT_CONVERSION = YES;
				CLANG_WARN_DIRECT_OBJC_ISA_USAGE = YES_ERROR;
				CLANG_WARN_EMPTY_BODY = YES;
				CLANG_WARN_ENUM_CONVERSION = YES;
				CLANG_WARN_INT_CONVERSION = YES;
				CLANG_WARN_OBJC_ROOT_CLASS = YES_ERROR;
				CLANG_WARN_UNREACHABLE_CODE = YES;
				CLANG_WARN__DUPLICATE_METHOD_MATCH = YES;
				"CODE_SIGN_IDENTITY[sdk=iphoneos*]" = "iPhone Developer";
				COPY_PHASE_STRIP = NO;
				DEBUG_INFORMATION_FORMAT = "dwarf-with-dsym";
				ENABLE_STRICT_OBJC_MSGSEND = YES;
				GCC_C_LANGUAGE_STANDARD = gnu99;
				GCC_DYNAMIC_NO_PIC = NO;
				GCC_NO_COMMON_BLOCKS = YES;
				GCC_OPTIMIZATION_LEVEL = 0;
				GCC_PREPROCESSOR_DEFINITIONS = (
					"DEBUG=1",
					"$(inherited)",
				);
				GCC_SYMBOLS_PRIVATE_EXTERN = NO;
				GCC_WARN_64_TO_32_BIT_CONVERSION = YES;
				GCC_WARN_ABOUT_RETURN_TYPE = YES_ERROR;
				GCC_WARN_UNDECLARED_SELECTOR = YES;
				GCC_WARN_UNINITIALIZED_AUTOS = YES_AGGRESSIVE;
				GCC_WARN_UNUSED_FUNCTION = YES;
				GCC_WARN_UNUSED_VARIABLE = YES;
				IPHONEOS_DEPLOYMENT_TARGET = 8.3;
				MTL_ENABLE_DEBUG_INFO = YES;
				ONLY_ACTIVE_ARCH = YES;
				SDKROOT = iphoneos;
				SWIFT_OPTIMIZATION_LEVEL = "-Onone";
			};
			name = Debug;
		};
		8FB4E5901B19A0080013DAB4 /* Release */ = {
			isa = XCBuildConfiguration;
			buildSettings = {
				ALWAYS_SEARCH_USER_PATHS = NO;
				CLANG_CXX_LANGUAGE_STANDARD = "gnu++0x";
				CLANG_CXX_LIBRARY = "libc++";
				CLANG_ENABLE_MODULES = YES;
				CLANG_ENABLE_OBJC_ARC = YES;
				CLANG_WARN_BOOL_CONVERSION = YES;
				CLANG_WARN_CONSTANT_CONVERSION = YES;
				CLANG_WARN_DIRECT_OBJC_ISA_USAGE = YES_ERROR;
				CLANG_WARN_EMPTY_BODY = YES;
				CLANG_WARN_ENUM_CONVERSION = YES;
				CLANG_WARN_INT_CONVERSION = YES;
				CLANG_WARN_OBJC_ROOT_CLASS = YES_ERROR;
				CLANG_WARN_UNREACHABLE_CODE = YES;
				CLANG_WARN__DUPLICATE_METHOD_MATCH = YES;
				"CODE_SIGN_IDENTITY[sdk=iphoneos*]" = "iPhone Developer";
				COPY_PHASE_STRIP = NO;
				DEBUG_INFORMATION_FORMAT = "dwarf-with-dsym";
				ENABLE_NS_ASSERTIONS = NO;
				ENABLE_STRICT_OBJC_MSGSEND = YES;
				GCC_C_LANGUAGE_STANDARD = gnu99;
				GCC_NO_COMMON_BLOCKS = YES;
				GCC_WARN_64_TO_32_BIT_CONVERSION = YES;
				GCC_WARN_ABOUT_RETURN_TYPE = YES_ERROR;
				GCC_WARN_UNDECLARED_SELECTOR = YES;
				GCC_WARN_UNINITIALIZED_AUTOS = YES_AGGRESSIVE;
				GCC_WARN_UNUSED_FUNCTION = YES;
				GCC_WARN_UNUSED_VARIABLE = YES;
				IPHONEOS_DEPLOYMENT_TARGET = 8.3;
				MTL_ENABLE_DEBUG_INFO = NO;
				SDKROOT = iphoneos;
				VALIDATE_PRODUCT = YES;
			};
			name = Release;
		};
		8FB4E5921B19A0080013DAB4 /* Debug */ = {
			isa = XCBuildConfiguration;
			buildSettings = {
				ASSETCATALOG_COMPILER_APPICON_NAME = AppIcon;
				INFOPLIST_FILE = "Pitch Perfect/Info.plist";
				IPHONEOS_DEPLOYMENT_TARGET = 8.3;
				LD_RUNPATH_SEARCH_PATHS = "$(inherited) @executable_path/Frameworks";
				PRODUCT_NAME = "$(TARGET_NAME)";
			};
			name = Debug;
		};
		8FB4E5931B19A0080013DAB4 /* Release */ = {
			isa = XCBuildConfiguration;
			buildSettings = {
				ASSETCATALOG_COMPILER_APPICON_NAME = AppIcon;
				INFOPLIST_FILE = "Pitch Perfect/Info.plist";
				IPHONEOS_DEPLOYMENT_TARGET = 8.3;
				LD_RUNPATH_SEARCH_PATHS = "$(inherited) @executable_path/Frameworks";
				PRODUCT_NAME = "$(TARGET_NAME)";
			};
			name = Release;
		};
		8FB4E5951B19A0080013DAB4 /* Debug */ = {
			isa = XCBuildConfiguration;
			buildSettings = {
				BUNDLE_LOADER = "$(TEST_HOST)";
				FRAMEWORK_SEARCH_PATHS = (
					"$(SDKROOT)/Developer/Library/Frameworks",
					"$(inherited)",
				);
				GCC_PREPROCESSOR_DEFINITIONS = (
					"DEBUG=1",
					"$(inherited)",
				);
				INFOPLIST_FILE = "Pitch PerfectTests/Info.plist";
				LD_RUNPATH_SEARCH_PATHS = "$(inherited) @executable_path/Frameworks @loader_path/Frameworks";
				PRODUCT_NAME = "$(TARGET_NAME)";
				TEST_HOST = "$(BUILT_PRODUCTS_DIR)/Pitch Perfect.app/Pitch Perfect";
			};
			name = Debug;
		};
		8FB4E5961B19A0080013DAB4 /* Release */ = {
			isa = XCBuildConfiguration;
			buildSettings = {
				BUNDLE_LOADER = "$(TEST_HOST)";
				FRAMEWORK_SEARCH_PATHS = (
					"$(SDKROOT)/Developer/Library/Frameworks",
					"$(inherited)",
				);
				INFOPLIST_FILE = "Pitch PerfectTests/Info.plist";
				LD_RUNPATH_SEARCH_PATHS = "$(inherited) @executable_path/Frameworks @loader_path/Frameworks";
				PRODUCT_NAME = "$(TARGET_NAME)";
				TEST_HOST = "$(BUILT_PRODUCTS_DIR)/Pitch Perfect.app/Pitch Perfect";
			};
			name = Release;
		};
/* End XCBuildConfiguration section */

/* Begin XCConfigurationList section */
		8FB4E56D1B19A0080013DAB4 /* Build configuration list for PBXProject "Pitch Perfect" */ = {
			isa = XCConfigurationList;
			buildConfigurations = (
				8FB4E58F1B19A0080013DAB4 /* Debug */,
				8FB4E5901B19A0080013DAB4 /* Release */,
			);
			defaultConfigurationIsVisible = 0;
			defaultConfigurationName = Release;
		};
		8FB4E5911B19A0080013DAB4 /* Build configuration list for PBXNativeTarget "Pitch Perfect" */ = {
			isa = XCConfigurationList;
			buildConfigurations = (
				8FB4E5921B19A0080013DAB4 /* Debug */,
				8FB4E5931B19A0080013DAB4 /* Release */,
			);
			defaultConfigurationIsVisible = 0;
			defaultConfigurationName = Release;
		};
		8FB4E5941B19A0080013DAB4 /* Build configuration list for PBXNativeTarget "Pitch PerfectTests" */ = {
			isa = XCConfigurationList;
			buildConfigurations = (
				8FB4E5951B19A0080013DAB4 /* Debug */,
				8FB4E5961B19A0080013DAB4 /* Release */,
			);
			defaultConfigurationIsVisible = 0;
			defaultConfigurationName = Release;
		};
/* End XCConfigurationList section */
	};
	rootObject = 8FB4E56A1B19A0080013DAB4 /* Project object */;
}
